
Microsoft Visual Studio Solution File, Format Version 12.00
# Visual Studio Version 16
VisualStudioVersion = 16.0.31410.357
MinimumVisualStudioVersion = 10.0.40219.1
Project("{FAE04EC0-301F-11D3-BF4B-00C04F79EFBC}") = "mapdas", "mapdas.csproj", "{A30B5581-9967-4C83-9A6D-3C8E449DCE51}"
EndProject
Global
	GlobalSection(SolutionConfigurationPlatforms) = preSolution
		Debug|Any CPU = Debug|Any CPU
		Release|Any CPU = Release|Any CPU
	EndGlobalSection
	GlobalSection(ProjectConfigurationPlatforms) = postSolution
		{A30B5581-9967-4C83-9A6D-3C8E449DCE51}.Debug|Any CPU.ActiveCfg = Debug|Any CPU
		{A30B5581-9967-4C83-9A6D-3C8E449DCE51}.Debug|Any CPU.Build.0 = Debug|Any CPU
		{A30B5581-9967-4C83-9A6D-3C8E449DCE51}.Release|Any CPU.ActiveCfg = Release|Any CPU
		{A30B5581-9967-4C83-9A6D-3C8E449DCE51}.Release|Any CPU.Build.0 = Release|Any CPU
	EndGlobalSection
	GlobalSection(SolutionProperties) = preSolution
		HideSolutionNode = FALSE
	EndGlobalSection
	GlobalSection(ExtensibilityGlobals) = postSolution
		SolutionGuid = {986A1A8F-363B-4DBD-9657-1831BB0BAE4D}
	EndGlobalSection
EndGlobal
